
Microsoft Visual Studio Solution File, Format Version 12.00
# Visual Studio 15
VisualStudioVersion = 15.0.26730.12
MinimumVisualStudioVersion = 10.0.40219.1
Project("{FAE04EC0-301F-11D3-BF4B-00C04F79EFBC}") = "fill-her-up", "fill-her-up\fill-her-up.csproj", "{0BC64A3E-C26E-4E28-B01B-A6B76B41FDAB}"
EndProject
Global
	GlobalSection(SolutionConfigurationPlatforms) = preSolution
		Debug|Any CPU = Debug|Any CPU
		Release|Any CPU = Release|Any CPU
	EndGlobalSection
	GlobalSection(ProjectConfigurationPlatforms) = postSolution
		{0BC64A3E-C26E-4E28-B01B-A6B76B41FDAB}.Debug|Any CPU.ActiveCfg = Debug|Any CPU
		{0BC64A3E-C26E-4E28-B01B-A6B76B41FDAB}.Debug|Any CPU.Build.0 = Debug|Any CPU
		{0BC64A3E-C26E-4E28-B01B-A6B76B41FDAB}.Release|Any CPU.ActiveCfg = Release|Any CPU
		{0BC64A3E-C26E-4E28-B01B-A6B76B41FDAB}.Release|Any CPU.Build.0 = Release|Any CPU
	EndGlobalSection
	GlobalSection(SolutionProperties) = preSolution
		HideSolutionNode = FALSE
	EndGlobalSection
	GlobalSection(ExtensibilityGlobals) = postSolution
		SolutionGuid = {67A19DDB-181B-43A4-9F79-DF4B262E41E2}
	EndGlobalSection
EndGlobal
